// !$*UTF8*$!
{
	archiveVersion = 1;
	classes = {
	};
	objectVersion = 48;
	objects = {

/* Begin PBXBuildFile section */
		5708A9FE208FF2AD00A9E776 /* gui_vblit_stepseq.h in Headers */ = {isa = PBXBuildFile; fileRef = 5708A9FC208FF2AD00A9E776 /* gui_vblit_stepseq.h */; };
		5708A9FF208FF2AD00A9E776 /* gui_vblit_stepseq.c in Sources */ = {isa = PBXBuildFile; fileRef = 5708A9FD208FF2AD00A9E776 /* gui_vblit_stepseq.c */; };
		5723445F223308A100EC1DBC /* gui_draggable.h in Headers */ = {isa = PBXBuildFile; fileRef = 5723445D223308A100EC1DBC /* gui_draggable.h */; };
		57234460223308A100EC1DBC /* gui_draggable.c in Sources */ = {isa = PBXBuildFile; fileRef = 5723445E223308A100EC1DBC /* gui_draggable.c */; };
		57319ADF21B35EDF00DDB8C5 /* gui_anim_mgr.h in Headers */ = {isa = PBXBuildFile; fileRef = 57319ADD21B35EDF00DDB8C5 /* gui_anim_mgr.h */; };
		57319AE021B35EDF00DDB8C5 /* gui_anim_mgr.c in Sources */ = {isa = PBXBuildFile; fileRef = 57319ADE21B35EDF00DDB8C5 /* gui_anim_mgr.c */; };
		57334D5822492DCB00DF59F2 /* g_debug_stresstest.h in Headers */ = {isa = PBXBuildFile; fileRef = 57334D5622492DCB00DF59F2 /* g_debug_stresstest.h */; };
		57334D5922492DCB00DF59F2 /* g_debug_stresstest.c in Sources */ = {isa = PBXBuildFile; fileRef = 57334D5722492DCB00DF59F2 /* g_debug_stresstest.c */; };
		57334D5C2249337B00DF59F2 /* g_debug_visualizer.h in Headers */ = {isa = PBXBuildFile; fileRef = 57334D5A2249337B00DF59F2 /* g_debug_visualizer.h */; };
		57334D5D2249337B00DF59F2 /* g_debug_visualizer.c in Sources */ = {isa = PBXBuildFile; fileRef = 57334D5B2249337B00DF59F2 /* g_debug_visualizer.c */; };
		573DDF5A20E32A84008CD64B /* gui_widget_valueviewer.h in Headers */ = {isa = PBXBuildFile; fileRef = 573DDF5820E32A84008CD64B /* gui_widget_valueviewer.h */; };
		573DDF5B20E32A84008CD64B /* gui_widget_valueviewer.c in Sources */ = {isa = PBXBuildFile; fileRef = 573DDF5920E32A84008CD64B /* gui_widget_valueviewer.c */; };
		5753707F20730ECC00349C85 /* gui.h in Headers */ = {isa = PBXBuildFile; fileRef = 5753707E20730ECB00349C85 /* gui.h */; };
		575E7BCE204D018E00C80D64 /* gui_anim.h in Headers */ = {isa = PBXBuildFile; fileRef = 575E7B86204D018E00C80D64 /* gui_anim.h */; };
		575E7BCF204D018E00C80D64 /* gui_anim.c in Sources */ = {isa = PBXBuildFile; fileRef = 575E7B87204D018E00C80D64 /* gui_anim.c */; };
		575E7BD0204D018E00C80D64 /* g_widget_console.h in Headers */ = {isa = PBXBuildFile; fileRef = 575E7B89204D018E00C80D64 /* g_widget_console.h */; };
		575E7BD1204D018E00C80D64 /* gui_widget.c in Sources */ = {isa = PBXBuildFile; fileRef = 575E7B8A204D018E00C80D64 /* gui_widget.c */; };
		575E7BD2204D018E00C80D64 /* g_widget_settings.h in Headers */ = {isa = PBXBuildFile; fileRef = 575E7B8B204D018E00C80D64 /* g_widget_settings.h */; };
		575E7BD3204D018E00C80D64 /* gui_settings.h in Headers */ = {isa = PBXBuildFile; fileRef = 575E7B8C204D018E00C80D64 /* gui_settings.h */; };
		575E7BD4204D018E00C80D64 /* gui_aviewer.c in Sources */ = {isa = PBXBuildFile; fileRef = 575E7B8D204D018E00C80D64 /* gui_aviewer.c */; };
		575E7BD5204D018E00C80D64 /* g_widget_console.c in Sources */ = {isa = PBXBuildFile; fileRef = 575E7B8E204D018E00C80D64 /* g_widget_console.c */; };
		575E7BD6204D018E00C80D64 /* gui_settings.c in Sources */ = {isa = PBXBuildFile; fileRef = 575E7B8F204D018E00C80D64 /* gui_settings.c */; };
		575E7BD7204D018E00C80D64 /* gui_aviewer.h in Headers */ = {isa = PBXBuildFile; fileRef = 575E7B90204D018E00C80D64 /* gui_aviewer.h */; };
		575E7BD8204D018E00C80D64 /* g_widget_settings.c in Sources */ = {isa = PBXBuildFile; fileRef = 575E7B91204D018E00C80D64 /* g_widget_settings.c */; };
		575E7BD9204D018E00C80D64 /* gui_widget.h in Headers */ = {isa = PBXBuildFile; fileRef = 575E7B92204D018E00C80D64 /* gui_widget.h */; };
		575E7BDA204D018E00C80D64 /* gui_activity.c in Sources */ = {isa = PBXBuildFile; fileRef = 575E7B94204D018E00C80D64 /* gui_activity.c */; };
		575E7BDB204D018E00C80D64 /* gui_tooltip.c in Sources */ = {isa = PBXBuildFile; fileRef = 575E7B95204D018E00C80D64 /* gui_tooltip.c */; };
		575E7BDC204D018E00C80D64 /* gui_activity.h in Headers */ = {isa = PBXBuildFile; fileRef = 575E7B96204D018E00C80D64 /* gui_activity.h */; };
		575E7BDD204D018E00C80D64 /* gui_tooltip.h in Headers */ = {isa = PBXBuildFile; fileRef = 575E7B97204D018E00C80D64 /* gui_tooltip.h */; };
		575E7BDE204D018E00C80D64 /* gui_comp_rline.c in Sources */ = {isa = PBXBuildFile; fileRef = 575E7B99204D018E00C80D64 /* gui_comp_rline.c */; };
		575E7BDF204D018E00C80D64 /* gui_comp_rline.h in Headers */ = {isa = PBXBuildFile; fileRef = 575E7B9A204D018E00C80D64 /* gui_comp_rline.h */; };
		575E7BE0204D018E00C80D64 /* gui_menu_radial.h in Headers */ = {isa = PBXBuildFile; fileRef = 575E7B9C204D018E00C80D64 /* gui_menu_radial.h */; };
		575E7BE1204D018E00C80D64 /* gui_menu_item.c in Sources */ = {isa = PBXBuildFile; fileRef = 575E7B9D204D018E00C80D64 /* gui_menu_item.c */; };
		575E7BE2204D018E00C80D64 /* gui_menu.h in Headers */ = {isa = PBXBuildFile; fileRef = 575E7B9E204D018E00C80D64 /* gui_menu.h */; };
		575E7BE3204D018E00C80D64 /* gui_menu_radial.c in Sources */ = {isa = PBXBuildFile; fileRef = 575E7B9F204D018E00C80D64 /* gui_menu_radial.c */; };
		575E7BE4204D018E00C80D64 /* gui_menu.c in Sources */ = {isa = PBXBuildFile; fileRef = 575E7BA0204D018E00C80D64 /* gui_menu.c */; };
		575E7BE5204D018E00C80D64 /* gui_menu_item.h in Headers */ = {isa = PBXBuildFile; fileRef = 575E7BA1204D018E00C80D64 /* gui_menu_item.h */; };
		575E7BFE204D018E00C80D64 /* g_widget_clock.c in Sources */ = {isa = PBXBuildFile; fileRef = 575E7BBC204D018E00C80D64 /* g_widget_clock.c */; };
		575E7BFF204D018E00C80D64 /* g_widget_clock.h in Headers */ = {isa = PBXBuildFile; fileRef = 575E7BBD204D018E00C80D64 /* g_widget_clock.h */; };
		575E7C00204D018E00C80D64 /* gui_notifications.h in Headers */ = {isa = PBXBuildFile; fileRef = 575E7BBF204D018E00C80D64 /* gui_notifications.h */; };
		575E7C01204D018E00C80D64 /* gui_control.h in Headers */ = {isa = PBXBuildFile; fileRef = 575E7BC0204D018E00C80D64 /* gui_control.h */; };
		575E7C02204D018E00C80D64 /* gui_modal.c in Sources */ = {isa = PBXBuildFile; fileRef = 575E7BC1204D018E00C80D64 /* gui_modal.c */; };
		575E7C03204D018E00C80D64 /* gui_panel.c in Sources */ = {isa = PBXBuildFile; fileRef = 575E7BC2204D018E00C80D64 /* gui_panel.c */; };
		575E7C04204D018E00C80D64 /* gui_component.c in Sources */ = {isa = PBXBuildFile; fileRef = 575E7BC3204D018E00C80D64 /* gui_component.c */; };
		575E7C05204D018E00C80D64 /* g_gui.h in Headers */ = {isa = PBXBuildFile; fileRef = 575E7BC4204D018E00C80D64 /* g_gui.h */; };
		575E7C06204D018E00C80D64 /* gui_control.c in Sources */ = {isa = PBXBuildFile; fileRef = 575E7BC5204D018E00C80D64 /* gui_control.c */; };
		575E7C07204D018E00C80D64 /* gui_notifications.c in Sources */ = {isa = PBXBuildFile; fileRef = 575E7BC6204D018E00C80D64 /* gui_notifications.c */; };
		575E7C08204D018E00C80D64 /* gui_modal.h in Headers */ = {isa = PBXBuildFile; fileRef = 575E7BC7204D018E00C80D64 /* gui_modal.h */; };
		575E7C09204D018E00C80D64 /* g_gui.c in Sources */ = {isa = PBXBuildFile; fileRef = 575E7BC8204D018E00C80D64 /* g_gui.c */; };
		575E7C0A204D018E00C80D64 /* gui_component.h in Headers */ = {isa = PBXBuildFile; fileRef = 575E7BC9204D018E00C80D64 /* gui_component.h */; };
		575E7C0B204D018E00C80D64 /* gui_panel.h in Headers */ = {isa = PBXBuildFile; fileRef = 575E7BCA204D018E00C80D64 /* gui_panel.h */; };
		575E7C0C204D018E00C80D64 /* g_debug_joystick.c in Sources */ = {isa = PBXBuildFile; fileRef = 575E7BCC204D018E00C80D64 /* g_debug_joystick.c */; };
		575E7C0D204D018E00C80D64 /* g_debug_joystick.h in Headers */ = {isa = PBXBuildFile; fileRef = 575E7BCD204D018E00C80D64 /* g_debug_joystick.h */; };
		575E7C15204D0B7B00C80D64 /* gui_types.h in Headers */ = {isa = PBXBuildFile; fileRef = 575E7C14204D0B7B00C80D64 /* gui_types.h */; };
		577A0CF62245A2490064CAA2 /* gui_notification.h in Headers */ = {isa = PBXBuildFile; fileRef = 577A0CF42245A2490064CAA2 /* gui_notification.h */; };
		577A0CF72245A2490064CAA2 /* gui_notification.c in Sources */ = {isa = PBXBuildFile; fileRef = 577A0CF52245A2490064CAA2 /* gui_notification.c */; };
		579F9A962234B00500BF3880 /* gui_grdn_entinfo.h in Headers */ = {isa = PBXBuildFile; fileRef = 579F9A942234B00500BF3880 /* gui_grdn_entinfo.h */; };
		579F9A972234B00500BF3880 /* gui_grdn_entinfo.c in Sources */ = {isa = PBXBuildFile; fileRef = 579F9A952234B00500BF3880 /* gui_grdn_entinfo.c */; };
		579F9BD0223750F300BF3880 /* gui_log.h in Headers */ = {isa = PBXBuildFile; fileRef = 579F9BCE223750F300BF3880 /* gui_log.h */; };
		579F9BD1223750F300BF3880 /* gui_log.c in Sources */ = {isa = PBXBuildFile; fileRef = 579F9BCF223750F300BF3880 /* gui_log.c */; };
		57BB16BD2250319100094859 /* gui_control_rgba.c in Sources */ = {isa = PBXBuildFile; fileRef = 57BB16A12250319000094859 /* gui_control_rgba.c */; };
		57BB16BE2250319100094859 /* gui_control_progress.h in Headers */ = {isa = PBXBuildFile; fileRef = 57BB16A22250319000094859 /* gui_control_progress.h */; };
		57BB16BF2250319100094859 /* gui_icon.h in Headers */ = {isa = PBXBuildFile; fileRef = 57BB16A32250319000094859 /* gui_icon.h */; };
		57BB16C02250319100094859 /* gui_control_colorpicker.c in Sources */ = {isa = PBXBuildFile; fileRef = 57BB16A42250319000094859 /* gui_control_colorpicker.c */; };
		57BB16C12250319100094859 /* r_control_onscreenbutton.h in Headers */ = {isa = PBXBuildFile; fileRef = 57BB16A52250319000094859 /* r_control_onscreenbutton.h */; };
		57BB16C32250319100094859 /* gui_control_dropdown.h in Headers */ = {isa = PBXBuildFile; fileRef = 57BB16A72250319000094859 /* gui_control_dropdown.h */; };
		57BB16C42250319100094859 /* gui_control_label.c in Sources */ = {isa = PBXBuildFile; fileRef = 57BB16A82250319000094859 /* gui_control_label.c */; };
		57BB16C52250319100094859 /* gui_control_textfield.h in Headers */ = {isa = PBXBuildFile; fileRef = 57BB16A92250319000094859 /* gui_control_textfield.h */; };
		57BB16C62250319100094859 /* gui_control_slider.c in Sources */ = {isa = PBXBuildFile; fileRef = 57BB16AA2250319000094859 /* gui_control_slider.c */; };
		57BB16C72250319100094859 /* gui_control_vseq.h in Headers */ = {isa = PBXBuildFile; fileRef = 57BB16AB2250319000094859 /* gui_control_vseq.h */; };
		57BB16C82250319100094859 /* gui_control_seq.h in Headers */ = {isa = PBXBuildFile; fileRef = 57BB16AC2250319000094859 /* gui_control_seq.h */; };
		57BB16C92250319100094859 /* gui_button.c in Sources */ = {isa = PBXBuildFile; fileRef = 57BB16AD2250319000094859 /* gui_button.c */; };
		57BB16CA2250319100094859 /* gui_control_checkbox.h in Headers */ = {isa = PBXBuildFile; fileRef = 57BB16AE2250319000094859 /* gui_control_checkbox.h */; };
		57BB16CB2250319100094859 /* r_control_onscreenbutton.c in Sources */ = {isa = PBXBuildFile; fileRef = 57BB16AF2250319000094859 /* r_control_onscreenbutton.c */; };
		57BB16CC2250319100094859 /* gui_icon.c in Sources */ = {isa = PBXBuildFile; fileRef = 57BB16B02250319000094859 /* gui_icon.c */; };
		57BB16CD2250319100094859 /* gui_control_colorpicker.h in Headers */ = {isa = PBXBuildFile; fileRef = 57BB16B12250319000094859 /* gui_control_colorpicker.h */; };
		57BB16CE2250319100094859 /* gui_control_dropdown.c in Sources */ = {isa = PBXBuildFile; fileRef = 57BB16B22250319000094859 /* gui_control_dropdown.c */; };
		57BB16D02250319100094859 /* gui_control_progress.c in Sources */ = {isa = PBXBuildFile; fileRef = 57BB16B42250319000094859 /* gui_control_progress.c */; };
		57BB16D12250319100094859 /* gui_control_rgba.h in Headers */ = {isa = PBXBuildFile; fileRef = 57BB16B52250319000094859 /* gui_control_rgba.h */; };
		57BB16D22250319100094859 /* gui_control_textfield.c in Sources */ = {isa = PBXBuildFile; fileRef = 57BB16B62250319000094859 /* gui_control_textfield.c */; };
		57BB16D32250319100094859 /* gui_control_label.h in Headers */ = {isa = PBXBuildFile; fileRef = 57BB16B72250319000094859 /* gui_control_label.h */; };
		57BB16D42250319100094859 /* gui_control_seq.c in Sources */ = {isa = PBXBuildFile; fileRef = 57BB16B82250319000094859 /* gui_control_seq.c */; };
		57BB16D52250319100094859 /* gui_control_vseq.c in Sources */ = {isa = PBXBuildFile; fileRef = 57BB16B92250319000094859 /* gui_control_vseq.c */; };
		57BB16D62250319100094859 /* gui_control_slider.h in Headers */ = {isa = PBXBuildFile; fileRef = 57BB16BA2250319000094859 /* gui_control_slider.h */; };
		57BB16D72250319100094859 /* gui_control_checkbox.c in Sources */ = {isa = PBXBuildFile; fileRef = 57BB16BB2250319000094859 /* gui_control_checkbox.c */; };
		57BB16D82250319100094859 /* gui_button.h in Headers */ = {isa = PBXBuildFile; fileRef = 57BB16BC2250319100094859 /* gui_button.h */; };
		57D1E5532257C0AC008C0D4B /* gui_interaction.h in Headers */ = {isa = PBXBuildFile; fileRef = 57D1E5512257C0AC008C0D4B /* gui_interaction.h */; };
		57D1E5542257C0AC008C0D4B /* gui_interaction.c in Sources */ = {isa = PBXBuildFile; fileRef = 57D1E5522257C0AC008C0D4B /* gui_interaction.c */; };
		57F8E2A82128F691005614E7 /* gui.c in Sources */ = {isa = PBXBuildFile; fileRef = 57F8E2A72128F691005614E7 /* gui.c */; };
/* End PBXBuildFile section */

/* Begin PBXFileReference section */
		5708A9FC208FF2AD00A9E776 /* gui_vblit_stepseq.h */ = {isa = PBXFileReference; lastKnownFileType = sourcecode.c.h; path = gui_vblit_stepseq.h; sourceTree = "<group>"; };
		5708A9FD208FF2AD00A9E776 /* gui_vblit_stepseq.c */ = {isa = PBXFileReference; lastKnownFileType = sourcecode.c.c; path = gui_vblit_stepseq.c; sourceTree = "<group>"; };
		5723445D223308A100EC1DBC /* gui_draggable.h */ = {isa = PBXFileReference; lastKnownFileType = sourcecode.c.h; path = gui_draggable.h; sourceTree = "<group>"; };
		5723445E223308A100EC1DBC /* gui_draggable.c */ = {isa = PBXFileReference; lastKnownFileType = sourcecode.c.c; path = gui_draggable.c; sourceTree = "<group>"; };
		57319ADD21B35EDF00DDB8C5 /* gui_anim_mgr.h */ = {isa = PBXFileReference; lastKnownFileType = sourcecode.c.h; path = gui_anim_mgr.h; sourceTree = "<group>"; };
		57319ADE21B35EDF00DDB8C5 /* gui_anim_mgr.c */ = {isa = PBXFileReference; lastKnownFileType = sourcecode.c.c; path = gui_anim_mgr.c; sourceTree = "<group>"; };
		57334D5622492DCB00DF59F2 /* g_debug_stresstest.h */ = {isa = PBXFileReference; lastKnownFileType = sourcecode.c.h; path = g_debug_stresstest.h; sourceTree = "<group>"; };
		57334D5722492DCB00DF59F2 /* g_debug_stresstest.c */ = {isa = PBXFileReference; lastKnownFileType = sourcecode.c.c; path = g_debug_stresstest.c; sourceTree = "<group>"; };
		57334D5A2249337B00DF59F2 /* g_debug_visualizer.h */ = {isa = PBXFileReference; lastKnownFileType = sourcecode.c.h; path = g_debug_visualizer.h; sourceTree = "<group>"; };
		57334D5B2249337B00DF59F2 /* g_debug_visualizer.c */ = {isa = PBXFileReference; lastKnownFileType = sourcecode.c.c; path = g_debug_visualizer.c; sourceTree = "<group>"; };
		573DDF5820E32A84008CD64B /* gui_widget_valueviewer.h */ = {isa = PBXFileReference; lastKnownFileType = sourcecode.c.h; path = gui_widget_valueviewer.h; sourceTree = "<group>"; };
		573DDF5920E32A84008CD64B /* gui_widget_valueviewer.c */ = {isa = PBXFileReference; lastKnownFileType = sourcecode.c.c; path = gui_widget_valueviewer.c; sourceTree = "<group>"; };
		5753707E20730ECB00349C85 /* gui.h */ = {isa = PBXFileReference; fileEncoding = 4; lastKnownFileType = sourcecode.c.h; name = gui.h; path = ../gui.h; sourceTree = "<group>"; };
		575E7B7D204D017B00C80D64 /* libgui.a */ = {isa = PBXFileReference; explicitFileType = archive.ar; includeInIndex = 0; path = libgui.a; sourceTree = BUILT_PRODUCTS_DIR; };
		575E7B86204D018E00C80D64 /* gui_anim.h */ = {isa = PBXFileReference; fileEncoding = 4; lastKnownFileType = sourcecode.c.h; path = gui_anim.h; sourceTree = "<group>"; };
		575E7B87204D018E00C80D64 /* gui_anim.c */ = {isa = PBXFileReference; fileEncoding = 4; lastKnownFileType = sourcecode.c.c; path = gui_anim.c; sourceTree = "<group>"; };
		575E7B89204D018E00C80D64 /* g_widget_console.h */ = {isa = PBXFileReference; fileEncoding = 4; lastKnownFileType = sourcecode.c.h; path = g_widget_console.h; sourceTree = "<group>"; };
		575E7B8A204D018E00C80D64 /* gui_widget.c */ = {isa = PBXFileReference; fileEncoding = 4; lastKnownFileType = sourcecode.c.c; path = gui_widget.c; sourceTree = "<group>"; };
		575E7B8B204D018E00C80D64 /* g_widget_settings.h */ = {isa = PBXFileReference; fileEncoding = 4; lastKnownFileType = sourcecode.c.h; path = g_widget_settings.h; sourceTree = "<group>"; };
		575E7B8C204D018E00C80D64 /* gui_settings.h */ = {isa = PBXFileReference; fileEncoding = 4; lastKnownFileType = sourcecode.c.h; path = gui_settings.h; sourceTree = "<group>"; };
		575E7B8D204D018E00C80D64 /* gui_aviewer.c */ = {isa = PBXFileReference; fileEncoding = 4; lastKnownFileType = sourcecode.c.c; path = gui_aviewer.c; sourceTree = "<group>"; };
		575E7B8E204D018E00C80D64 /* g_widget_console.c */ = {isa = PBXFileReference; fileEncoding = 4; lastKnownFileType = sourcecode.c.c; path = g_widget_console.c; sourceTree = "<group>"; };
		575E7B8F204D018E00C80D64 /* gui_settings.c */ = {isa = PBXFileReference; fileEncoding = 4; lastKnownFileType = sourcecode.c.c; path = gui_settings.c; sourceTree = "<group>"; };
		575E7B90204D018E00C80D64 /* gui_aviewer.h */ = {isa = PBXFileReference; fileEncoding = 4; lastKnownFileType = sourcecode.c.h; path = gui_aviewer.h; sourceTree = "<group>"; };
		575E7B91204D018E00C80D64 /* g_widget_settings.c */ = {isa = PBXFileReference; fileEncoding = 4; lastKnownFileType = sourcecode.c.c; path = g_widget_settings.c; sourceTree = "<group>"; };
		575E7B92204D018E00C80D64 /* gui_widget.h */ = {isa = PBXFileReference; fileEncoding = 4; lastKnownFileType = sourcecode.c.h; path = gui_widget.h; sourceTree = "<group>"; };
		575E7B94204D018E00C80D64 /* gui_activity.c */ = {isa = PBXFileReference; fileEncoding = 4; lastKnownFileType = sourcecode.c.c; path = gui_activity.c; sourceTree = "<group>"; };
		575E7B95204D018E00C80D64 /* gui_tooltip.c */ = {isa = PBXFileReference; fileEncoding = 4; lastKnownFileType = sourcecode.c.c; path = gui_tooltip.c; sourceTree = "<group>"; };
		575E7B96204D018E00C80D64 /* gui_activity.h */ = {isa = PBXFileReference; fileEncoding = 4; lastKnownFileType = sourcecode.c.h; path = gui_activity.h; sourceTree = "<group>"; };
		575E7B97204D018E00C80D64 /* gui_tooltip.h */ = {isa = PBXFileReference; fileEncoding = 4; lastKnownFileType = sourcecode.c.h; path = gui_tooltip.h; sourceTree = "<group>"; };
		575E7B99204D018E00C80D64 /* gui_comp_rline.c */ = {isa = PBXFileReference; fileEncoding = 4; lastKnownFileType = sourcecode.c.c; path = gui_comp_rline.c; sourceTree = "<group>"; };
		575E7B9A204D018E00C80D64 /* gui_comp_rline.h */ = {isa = PBXFileReference; fileEncoding = 4; lastKnownFileType = sourcecode.c.h; path = gui_comp_rline.h; sourceTree = "<group>"; };
		575E7B9C204D018E00C80D64 /* gui_menu_radial.h */ = {isa = PBXFileReference; fileEncoding = 4; lastKnownFileType = sourcecode.c.h; path = gui_menu_radial.h; sourceTree = "<group>"; };
		575E7B9D204D018E00C80D64 /* gui_menu_item.c */ = {isa = PBXFileReference; fileEncoding = 4; lastKnownFileType = sourcecode.c.c; path = gui_menu_item.c; sourceTree = "<group>"; };
		575E7B9E204D018E00C80D64 /* gui_menu.h */ = {isa = PBXFileReference; fileEncoding = 4; lastKnownFileType = sourcecode.c.h; path = gui_menu.h; sourceTree = "<group>"; };
		575E7B9F204D018E00C80D64 /* gui_menu_radial.c */ = {isa = PBXFileReference; fileEncoding = 4; lastKnownFileType = sourcecode.c.c; path = gui_menu_radial.c; sourceTree = "<group>"; };
		575E7BA0204D018E00C80D64 /* gui_menu.c */ = {isa = PBXFileReference; fileEncoding = 4; lastKnownFileType = sourcecode.c.c; path = gui_menu.c; sourceTree = "<group>"; };
		575E7BA1204D018E00C80D64 /* gui_menu_item.h */ = {isa = PBXFileReference; fileEncoding = 4; lastKnownFileType = sourcecode.c.h; path = gui_menu_item.h; sourceTree = "<group>"; };
		575E7BBC204D018E00C80D64 /* g_widget_clock.c */ = {isa = PBXFileReference; fileEncoding = 4; lastKnownFileType = sourcecode.c.c; path = g_widget_clock.c; sourceTree = "<group>"; };
		575E7BBD204D018E00C80D64 /* g_widget_clock.h */ = {isa = PBXFileReference; fileEncoding = 4; lastKnownFileType = sourcecode.c.h; path = g_widget_clock.h; sourceTree = "<group>"; };
		575E7BBF204D018E00C80D64 /* gui_notifications.h */ = {isa = PBXFileReference; fileEncoding = 4; lastKnownFileType = sourcecode.c.h; path = gui_notifications.h; sourceTree = "<group>"; };
		575E7BC0204D018E00C80D64 /* gui_control.h */ = {isa = PBXFileReference; fileEncoding = 4; lastKnownFileType = sourcecode.c.h; path = gui_control.h; sourceTree = "<group>"; };
		575E7BC1204D018E00C80D64 /* gui_modal.c */ = {isa = PBXFileReference; fileEncoding = 4; lastKnownFileType = sourcecode.c.c; path = gui_modal.c; sourceTree = "<group>"; };
		575E7BC2204D018E00C80D64 /* gui_panel.c */ = {isa = PBXFileReference; fileEncoding = 4; lastKnownFileType = sourcecode.c.c; path = gui_panel.c; sourceTree = "<group>"; };
		575E7BC3204D018E00C80D64 /* gui_component.c */ = {isa = PBXFileReference; fileEncoding = 4; lastKnownFileType = sourcecode.c.c; path = gui_component.c; sourceTree = "<group>"; };
		575E7BC4204D018E00C80D64 /* g_gui.h */ = {isa = PBXFileReference; fileEncoding = 4; lastKnownFileType = sourcecode.c.h; path = g_gui.h; sourceTree = "<group>"; };
		575E7BC5204D018E00C80D64 /* gui_control.c */ = {isa = PBXFileReference; fileEncoding = 4; lastKnownFileType = sourcecode.c.c; path = gui_control.c; sourceTree = "<group>"; };
		575E7BC6204D018E00C80D64 /* gui_notifications.c */ = {isa = PBXFileReference; fileEncoding = 4; lastKnownFileType = sourcecode.c.c; path = gui_notifications.c; sourceTree = "<group>"; };
		575E7BC7204D018E00C80D64 /* gui_modal.h */ = {isa = PBXFileReference; fileEncoding = 4; lastKnownFileType = sourcecode.c.h; path = gui_modal.h; sourceTree = "<group>"; };
		575E7BC8204D018E00C80D64 /* g_gui.c */ = {isa = PBXFileReference; fileEncoding = 4; lastKnownFileType = sourcecode.c.c; path = g_gui.c; sourceTree = "<group>"; };
		575E7BC9204D018E00C80D64 /* gui_component.h */ = {isa = PBXFileReference; fileEncoding = 4; lastKnownFileType = sourcecode.c.h; path = gui_component.h; sourceTree = "<group>"; };
		575E7BCA204D018E00C80D64 /* gui_panel.h */ = {isa = PBXFileReference; fileEncoding = 4; lastKnownFileType = sourcecode.c.h; path = gui_panel.h; sourceTree = "<group>"; };
		575E7BCC204D018E00C80D64 /* g_debug_joystick.c */ = {isa = PBXFileReference; fileEncoding = 4; lastKnownFileType = sourcecode.c.c; path = g_debug_joystick.c; sourceTree = "<group>"; };
		575E7BCD204D018E00C80D64 /* g_debug_joystick.h */ = {isa = PBXFileReference; fileEncoding = 4; lastKnownFileType = sourcecode.c.h; path = g_debug_joystick.h; sourceTree = "<group>"; };
		575E7C14204D0B7B00C80D64 /* gui_types.h */ = {isa = PBXFileReference; fileEncoding = 4; lastKnownFileType = sourcecode.c.h; name = gui_types.h; path = ../gui_types.h; sourceTree = "<group>"; };
		577A0CF42245A2490064CAA2 /* gui_notification.h */ = {isa = PBXFileReference; lastKnownFileType = sourcecode.c.h; path = gui_notification.h; sourceTree = "<group>"; };
		577A0CF52245A2490064CAA2 /* gui_notification.c */ = {isa = PBXFileReference; lastKnownFileType = sourcecode.c.c; path = gui_notification.c; sourceTree = "<group>"; };
		579F9A942234B00500BF3880 /* gui_grdn_entinfo.h */ = {isa = PBXFileReference; lastKnownFileType = sourcecode.c.h; path = gui_grdn_entinfo.h; sourceTree = "<group>"; };
		579F9A952234B00500BF3880 /* gui_grdn_entinfo.c */ = {isa = PBXFileReference; lastKnownFileType = sourcecode.c.c; path = gui_grdn_entinfo.c; sourceTree = "<group>"; };
		579F9BCE223750F300BF3880 /* gui_log.h */ = {isa = PBXFileReference; lastKnownFileType = sourcecode.c.h; path = gui_log.h; sourceTree = "<group>"; };
		579F9BCF223750F300BF3880 /* gui_log.c */ = {isa = PBXFileReference; lastKnownFileType = sourcecode.c.c; path = gui_log.c; sourceTree = "<group>"; };
		57BB16A12250319000094859 /* gui_control_rgba.c */ = {isa = PBXFileReference; fileEncoding = 4; lastKnownFileType = sourcecode.c.c; path = gui_control_rgba.c; sourceTree = "<group>"; };
		57BB16A22250319000094859 /* gui_control_progress.h */ = {isa = PBXFileReference; fileEncoding = 4; lastKnownFileType = sourcecode.c.h; path = gui_control_progress.h; sourceTree = "<group>"; };
		57BB16A32250319000094859 /* gui_icon.h */ = {isa = PBXFileReference; fileEncoding = 4; lastKnownFileType = sourcecode.c.h; path = gui_icon.h; sourceTree = "<group>"; };
		57BB16A42250319000094859 /* gui_control_colorpicker.c */ = {isa = PBXFileReference; fileEncoding = 4; lastKnownFileType = sourcecode.c.c; path = gui_control_colorpicker.c; sourceTree = "<group>"; };
		57BB16A52250319000094859 /* r_control_onscreenbutton.h */ = {isa = PBXFileReference; fileEncoding = 4; lastKnownFileType = sourcecode.c.h; path = r_control_onscreenbutton.h; sourceTree = "<group>"; };
		57BB16A72250319000094859 /* gui_control_dropdown.h */ = {isa = PBXFileReference; fileEncoding = 4; lastKnownFileType = sourcecode.c.h; path = gui_control_dropdown.h; sourceTree = "<group>"; };
		57BB16A82250319000094859 /* gui_control_label.c */ = {isa = PBXFileReference; fileEncoding = 4; lastKnownFileType = sourcecode.c.c; path = gui_control_label.c; sourceTree = "<group>"; };
		57BB16A92250319000094859 /* gui_control_textfield.h */ = {isa = PBXFileReference; fileEncoding = 4; lastKnownFileType = sourcecode.c.h; path = gui_control_textfield.h; sourceTree = "<group>"; };
		57BB16AA2250319000094859 /* gui_control_slider.c */ = {isa = PBXFileReference; fileEncoding = 4; lastKnownFileType = sourcecode.c.c; path = gui_control_slider.c; sourceTree = "<group>"; };
		57BB16AB2250319000094859 /* gui_control_vseq.h */ = {isa = PBXFileReference; fileEncoding = 4; lastKnownFileType = sourcecode.c.h; path = gui_control_vseq.h; sourceTree = "<group>"; };
		57BB16AC2250319000094859 /* gui_control_seq.h */ = {isa = PBXFileReference; fileEncoding = 4; lastKnownFileType = sourcecode.c.h; path = gui_control_seq.h; sourceTree = "<group>"; };
		57BB16AD2250319000094859 /* gui_button.c */ = {isa = PBXFileReference; fileEncoding = 4; lastKnownFileType = sourcecode.c.c; path = gui_button.c; sourceTree = "<group>"; };
		57BB16AE2250319000094859 /* gui_control_checkbox.h */ = {isa = PBXFileReference; fileEncoding = 4; lastKnownFileType = sourcecode.c.h; path = gui_control_checkbox.h; sourceTree = "<group>"; };
		57BB16AF2250319000094859 /* r_control_onscreenbutton.c */ = {isa = PBXFileReference; fileEncoding = 4; lastKnownFileType = sourcecode.c.c; path = r_control_onscreenbutton.c; sourceTree = "<group>"; };
		57BB16B02250319000094859 /* gui_icon.c */ = {isa = PBXFileReference; fileEncoding = 4; lastKnownFileType = sourcecode.c.c; path = gui_icon.c; sourceTree = "<group>"; };
		57BB16B12250319000094859 /* gui_control_colorpicker.h */ = {isa = PBXFileReference; fileEncoding = 4; lastKnownFileType = sourcecode.c.h; path = gui_control_colorpicker.h; sourceTree = "<group>"; };
		57BB16B22250319000094859 /* gui_control_dropdown.c */ = {isa = PBXFileReference; fileEncoding = 4; lastKnownFileType = sourcecode.c.c; path = gui_control_dropdown.c; sourceTree = "<group>"; };
		57BB16B42250319000094859 /* gui_control_progress.c */ = {isa = PBXFileReference; fileEncoding = 4; lastKnownFileType = sourcecode.c.c; path = gui_control_progress.c; sourceTree = "<group>"; };
		57BB16B52250319000094859 /* gui_control_rgba.h */ = {isa = PBXFileReference; fileEncoding = 4; lastKnownFileType = sourcecode.c.h; path = gui_control_rgba.h; sourceTree = "<group>"; };
		57BB16B62250319000094859 /* gui_control_textfield.c */ = {isa = PBXFileReference; fileEncoding = 4; lastKnownFileType = sourcecode.c.c; path = gui_control_textfield.c; sourceTree = "<group>"; };
		57BB16B72250319000094859 /* gui_control_label.h */ = {isa = PBXFileReference; fileEncoding = 4; lastKnownFileType = sourcecode.c.h; path = gui_control_label.h; sourceTree = "<group>"; };
		57BB16B82250319000094859 /* gui_control_seq.c */ = {isa = PBXFileReference; fileEncoding = 4; lastKnownFileType = sourcecode.c.c; path = gui_control_seq.c; sourceTree = "<group>"; };
		57BB16B92250319000094859 /* gui_control_vseq.c */ = {isa = PBXFileReference; fileEncoding = 4; lastKnownFileType = sourcecode.c.c; path = gui_control_vseq.c; sourceTree = "<group>"; };
		57BB16BA2250319000094859 /* gui_control_slider.h */ = {isa = PBXFileReference; fileEncoding = 4; lastKnownFileType = sourcecode.c.h; path = gui_control_slider.h; sourceTree = "<group>"; };
		57BB16BB2250319000094859 /* gui_control_checkbox.c */ = {isa = PBXFileReference; fileEncoding = 4; lastKnownFileType = sourcecode.c.c; path = gui_control_checkbox.c; sourceTree = "<group>"; };
		57BB16BC2250319100094859 /* gui_button.h */ = {isa = PBXFileReference; fileEncoding = 4; lastKnownFileType = sourcecode.c.h; path = gui_button.h; sourceTree = "<group>"; };
		57D1E5512257C0AC008C0D4B /* gui_interaction.h */ = {isa = PBXFileReference; lastKnownFileType = sourcecode.c.h; path = gui_interaction.h; sourceTree = "<group>"; };
		57D1E5522257C0AC008C0D4B /* gui_interaction.c */ = {isa = PBXFileReference; lastKnownFileType = sourcecode.c.c; path = gui_interaction.c; sourceTree = "<group>"; };
		57F8E2A72128F691005614E7 /* gui.c */ = {isa = PBXFileReference; fileEncoding = 4; lastKnownFileType = sourcecode.c.c; name = gui.c; path = ../gui.c; sourceTree = "<group>"; };
/* End PBXFileReference section */

/* Begin PBXFrameworksBuildPhase section */
		575E7B7A204D017B00C80D64 /* Frameworks */ = {
			isa = PBXFrameworksBuildPhase;
			buildActionMask = 2147483647;
			files = (
			);
			runOnlyForDeploymentPostprocessing = 0;
		};
/* End PBXFrameworksBuildPhase section */

/* Begin PBXGroup section */
		5708A9FA208FF28F00A9E776 /* ext */ = {
			isa = PBXGroup;
			children = (
				579F9A932234AFF600BF3880 /* grdn */,
				5708A9FB208FF28F00A9E776 /* vblit */,
			);
			path = ext;
			sourceTree = "<group>";
		};
		5708A9FB208FF28F00A9E776 /* vblit */ = {
			isa = PBXGroup;
			children = (
				5708A9FC208FF2AD00A9E776 /* gui_vblit_stepseq.h */,
				5708A9FD208FF2AD00A9E776 /* gui_vblit_stepseq.c */,
			);
			path = vblit;
			sourceTree = "<group>";
		};
		575E7B74204D017B00C80D64 = {
			isa = PBXGroup;
			children = (
				5753707E20730ECB00349C85 /* gui.h */,
				57F8E2A72128F691005614E7 /* gui.c */,
				575E7C14204D0B7B00C80D64 /* gui_types.h */,
				575E7B84204D018E00C80D64 /* src */,
				575E7B7E204D017B00C80D64 /* Products */,
			);
			sourceTree = "<group>";
		};
		575E7B7E204D017B00C80D64 /* Products */ = {
			isa = PBXGroup;
			children = (
				575E7B7D204D017B00C80D64 /* libgui.a */,
			);
			name = Products;
			sourceTree = "<group>";
		};
		575E7B84204D018E00C80D64 /* src */ = {
			isa = PBXGroup;
			children = (
				575E7B85204D018E00C80D64 /* anim */,
				575E7BBE204D018E00C80D64 /* base */,
				575E7B98204D018E00C80D64 /* comp */,
				57BB16A02250319000094859 /* control */,
				575E7BCB204D018E00C80D64 /* debug */,
				575E7B93204D018E00C80D64 /* etc */,
				5708A9FA208FF28F00A9E776 /* ext */,
				575E7B9B204D018E00C80D64 /* menu */,
				575E7BBB204D018E00C80D64 /* vbl */,
				575E7B88204D018E00C80D64 /* widget */,
			);
			name = src;
			path = ../src;
			sourceTree = "<group>";
		};
		575E7B85204D018E00C80D64 /* anim */ = {
			isa = PBXGroup;
			children = (
				575E7B86204D018E00C80D64 /* gui_anim.h */,
				575E7B87204D018E00C80D64 /* gui_anim.c */,
				57319ADD21B35EDF00DDB8C5 /* gui_anim_mgr.h */,
				57319ADE21B35EDF00DDB8C5 /* gui_anim_mgr.c */,
			);
			path = anim;
			sourceTree = "<group>";
		};
		575E7B88204D018E00C80D64 /* widget */ = {
			isa = PBXGroup;
			children = (
				575E7B8C204D018E00C80D64 /* gui_settings.h */,
				573DDF5820E32A84008CD64B /* gui_widget_valueviewer.h */,
				573DDF5920E32A84008CD64B /* gui_widget_valueviewer.c */,
				575E7B8F204D018E00C80D64 /* gui_settings.c */,
				575E7B8B204D018E00C80D64 /* g_widget_settings.h */,
				575E7B91204D018E00C80D64 /* g_widget_settings.c */,
				575E7B89204D018E00C80D64 /* g_widget_console.h */,
				575E7B8E204D018E00C80D64 /* g_widget_console.c */,
				575E7B8A204D018E00C80D64 /* gui_widget.c */,
				575E7B92204D018E00C80D64 /* gui_widget.h */,
				575E7B8D204D018E00C80D64 /* gui_aviewer.c */,
				575E7B90204D018E00C80D64 /* gui_aviewer.h */,
			);
			path = widget;
			sourceTree = "<group>";
		};
		575E7B93204D018E00C80D64 /* etc */ = {
			isa = PBXGroup;
			children = (
				575E7B94204D018E00C80D64 /* gui_activity.c */,
				575E7B96204D018E00C80D64 /* gui_activity.h */,
				5723445E223308A100EC1DBC /* gui_draggable.c */,
				5723445D223308A100EC1DBC /* gui_draggable.h */,
				575E7B95204D018E00C80D64 /* gui_tooltip.c */,
				575E7B97204D018E00C80D64 /* gui_tooltip.h */,
				579F9BCE223750F300BF3880 /* gui_log.h */,
				579F9BCF223750F300BF3880 /* gui_log.c */,
			);
			path = etc;
			sourceTree = "<group>";
		};
		575E7B98204D018E00C80D64 /* comp */ = {
			isa = PBXGroup;
			children = (
				575E7B9A204D018E00C80D64 /* gui_comp_rline.h */,
				575E7B99204D018E00C80D64 /* gui_comp_rline.c */,
			);
			path = comp;
			sourceTree = "<group>";
		};
		575E7B9B204D018E00C80D64 /* menu */ = {
			isa = PBXGroup;
			children = (
				575E7B9E204D018E00C80D64 /* gui_menu.h */,
				575E7BA0204D018E00C80D64 /* gui_menu.c */,
				575E7B9C204D018E00C80D64 /* gui_menu_radial.h */,
				575E7B9F204D018E00C80D64 /* gui_menu_radial.c */,
				575E7BA1204D018E00C80D64 /* gui_menu_item.h */,
				575E7B9D204D018E00C80D64 /* gui_menu_item.c */,
			);
			path = menu;
			sourceTree = "<group>";
		};
		575E7BBB204D018E00C80D64 /* vbl */ = {
			isa = PBXGroup;
			children = (
				575E7BBC204D018E00C80D64 /* g_widget_clock.c */,
				575E7BBD204D018E00C80D64 /* g_widget_clock.h */,
			);
			path = vbl;
			sourceTree = "<group>";
		};
		575E7BBE204D018E00C80D64 /* base */ = {
			isa = PBXGroup;
			children = (
				575E7BC8204D018E00C80D64 /* g_gui.c */,
				575E7BC4204D018E00C80D64 /* g_gui.h */,
				575E7BC3204D018E00C80D64 /* gui_component.c */,
				575E7BC9204D018E00C80D64 /* gui_component.h */,
				575E7BC5204D018E00C80D64 /* gui_control.c */,
				575E7BC0204D018E00C80D64 /* gui_control.h */,
				57D1E5522257C0AC008C0D4B /* gui_interaction.c */,
				57D1E5512257C0AC008C0D4B /* gui_interaction.h */,
				575E7BC1204D018E00C80D64 /* gui_modal.c */,
				575E7BC7204D018E00C80D64 /* gui_modal.h */,
				577A0CF52245A2490064CAA2 /* gui_notification.c */,
				577A0CF42245A2490064CAA2 /* gui_notification.h */,
				575E7BC6204D018E00C80D64 /* gui_notifications.c */,
				575E7BBF204D018E00C80D64 /* gui_notifications.h */,
				575E7BC2204D018E00C80D64 /* gui_panel.c */,
				575E7BCA204D018E00C80D64 /* gui_panel.h */,
			);
			path = base;
			sourceTree = "<group>";
		};
		575E7BCB204D018E00C80D64 /* debug */ = {
			isa = PBXGroup;
			children = (
				575E7BCC204D018E00C80D64 /* g_debug_joystick.c */,
				575E7BCD204D018E00C80D64 /* g_debug_joystick.h */,
				57334D5722492DCB00DF59F2 /* g_debug_stresstest.c */,
				57334D5622492DCB00DF59F2 /* g_debug_stresstest.h */,
				57334D5B2249337B00DF59F2 /* g_debug_visualizer.c */,
				57334D5A2249337B00DF59F2 /* g_debug_visualizer.h */,
			);
			path = debug;
			sourceTree = "<group>";
		};
		579F9A932234AFF600BF3880 /* grdn */ = {
			isa = PBXGroup;
			children = (
				579F9A942234B00500BF3880 /* gui_grdn_entinfo.h */,
				579F9A952234B00500BF3880 /* gui_grdn_entinfo.c */,
			);
			path = grdn;
			sourceTree = "<group>";
		};
		57BB16A02250319000094859 /* control */ = {
			isa = PBXGroup;
			children = (
				57BB16AD2250319000094859 /* gui_button.c */,
				57BB16BC2250319100094859 /* gui_button.h */,
				57BB16BB2250319000094859 /* gui_control_checkbox.c */,
				57BB16AE2250319000094859 /* gui_control_checkbox.h */,
				57BB16A42250319000094859 /* gui_control_colorpicker.c */,
				57BB16B12250319000094859 /* gui_control_colorpicker.h */,
				57BB16B22250319000094859 /* gui_control_dropdown.c */,
				57BB16A72250319000094859 /* gui_control_dropdown.h */,
				57BB16A82250319000094859 /* gui_control_label.c */,
				57BB16B72250319000094859 /* gui_control_label.h */,
				57BB16B42250319000094859 /* gui_control_progress.c */,
				57BB16A22250319000094859 /* gui_control_progress.h */,
				57BB16A12250319000094859 /* gui_control_rgba.c */,
				57BB16B52250319000094859 /* gui_control_rgba.h */,
				57BB16B82250319000094859 /* gui_control_seq.c */,
				57BB16AC2250319000094859 /* gui_control_seq.h */,
				57BB16AA2250319000094859 /* gui_control_slider.c */,
				57BB16BA2250319000094859 /* gui_control_slider.h */,
				57BB16B62250319000094859 /* gui_control_textfield.c */,
				57BB16A92250319000094859 /* gui_control_textfield.h */,
				57BB16B92250319000094859 /* gui_control_vseq.c */,
				57BB16AB2250319000094859 /* gui_control_vseq.h */,
				57BB16B02250319000094859 /* gui_icon.c */,
				57BB16A32250319000094859 /* gui_icon.h */,
				57BB16AF2250319000094859 /* r_control_onscreenbutton.c */,
				57BB16A52250319000094859 /* r_control_onscreenbutton.h */,
			);
			path = control;
			sourceTree = "<group>";
		};
/* End PBXGroup section */

/* Begin PBXHeadersBuildPhase section */
		575E7B7B204D017B00C80D64 /* Headers */ = {
			isa = PBXHeadersBuildPhase;
			buildActionMask = 2147483647;
			files = (
				57BB16BF2250319100094859 /* gui_icon.h in Headers */,
				575E7BD9204D018E00C80D64 /* gui_widget.h in Headers */,
				57BB16CA2250319100094859 /* gui_control_checkbox.h in Headers */,
				57BB16C12250319100094859 /* r_control_onscreenbutton.h in Headers */,
				575E7C08204D018E00C80D64 /* gui_modal.h in Headers */,
				57BB16D62250319100094859 /* gui_control_slider.h in Headers */,
				575E7BD0204D018E00C80D64 /* g_widget_console.h in Headers */,
				57334D5822492DCB00DF59F2 /* g_debug_stresstest.h in Headers */,
				573DDF5A20E32A84008CD64B /* gui_widget_valueviewer.h in Headers */,
				57BB16D12250319100094859 /* gui_control_rgba.h in Headers */,
				57BB16BE2250319100094859 /* gui_control_progress.h in Headers */,
				575E7C0D204D018E00C80D64 /* g_debug_joystick.h in Headers */,
				575E7BE2204D018E00C80D64 /* gui_menu.h in Headers */,
				575E7C05204D018E00C80D64 /* g_gui.h in Headers */,
				575E7BFF204D018E00C80D64 /* g_widget_clock.h in Headers */,
				579F9A962234B00500BF3880 /* gui_grdn_entinfo.h in Headers */,
				57334D5C2249337B00DF59F2 /* g_debug_visualizer.h in Headers */,
				575E7C15204D0B7B00C80D64 /* gui_types.h in Headers */,
				57BB16CD2250319100094859 /* gui_control_colorpicker.h in Headers */,
				575E7BDD204D018E00C80D64 /* gui_tooltip.h in Headers */,
				575E7BDC204D018E00C80D64 /* gui_activity.h in Headers */,
				5753707F20730ECC00349C85 /* gui.h in Headers */,
				57D1E5532257C0AC008C0D4B /* gui_interaction.h in Headers */,
				575E7C00204D018E00C80D64 /* gui_notifications.h in Headers */,
				575E7C0B204D018E00C80D64 /* gui_panel.h in Headers */,
				57BB16C32250319100094859 /* gui_control_dropdown.h in Headers */,
				575E7BE0204D018E00C80D64 /* gui_menu_radial.h in Headers */,
				575E7BDF204D018E00C80D64 /* gui_comp_rline.h in Headers */,
				57319ADF21B35EDF00DDB8C5 /* gui_anim_mgr.h in Headers */,
				5723445F223308A100EC1DBC /* gui_draggable.h in Headers */,
				575E7C0A204D018E00C80D64 /* gui_component.h in Headers */,
				57BB16C52250319100094859 /* gui_control_textfield.h in Headers */,
				575E7BD3204D018E00C80D64 /* gui_settings.h in Headers */,
				575E7BE5204D018E00C80D64 /* gui_menu_item.h in Headers */,
				57BB16D82250319100094859 /* gui_button.h in Headers */,
				575E7BCE204D018E00C80D64 /* gui_anim.h in Headers */,
				57BB16D32250319100094859 /* gui_control_label.h in Headers */,
				5708A9FE208FF2AD00A9E776 /* gui_vblit_stepseq.h in Headers */,
				575E7BD7204D018E00C80D64 /* gui_aviewer.h in Headers */,
				57BB16C82250319100094859 /* gui_control_seq.h in Headers */,
				575E7C01204D018E00C80D64 /* gui_control.h in Headers */,
				577A0CF62245A2490064CAA2 /* gui_notification.h in Headers */,
				579F9BD0223750F300BF3880 /* gui_log.h in Headers */,
				57BB16C72250319100094859 /* gui_control_vseq.h in Headers */,
				575E7BD2204D018E00C80D64 /* g_widget_settings.h in Headers */,
			);
			runOnlyForDeploymentPostprocessing = 0;
		};
/* End PBXHeadersBuildPhase section */

/* Begin PBXNativeTarget section */
		575E7B7C204D017B00C80D64 /* gui */ = {
			isa = PBXNativeTarget;
			buildConfigurationList = 575E7B81204D017B00C80D64 /* Build configuration list for PBXNativeTarget "gui" */;
			buildPhases = (
				575E7B79204D017B00C80D64 /* Sources */,
				575E7B7A204D017B00C80D64 /* Frameworks */,
				575E7B7B204D017B00C80D64 /* Headers */,
			);
			buildRules = (
			);
			dependencies = (
			);
			name = gui;
			productName = gui;
			productReference = 575E7B7D204D017B00C80D64 /* libgui.a */;
			productType = "com.apple.product-type.library.static";
		};
/* End PBXNativeTarget section */

/* Begin PBXProject section */
		575E7B75204D017B00C80D64 /* Project object */ = {
			isa = PBXProject;
			attributes = {
				LastUpgradeCheck = 0930;
				ORGANIZATIONNAME = ruminant;
				TargetAttributes = {
					575E7B7C204D017B00C80D64 = {
						CreatedOnToolsVersion = 9.2;
						ProvisioningStyle = Automatic;
					};
				};
			};
			buildConfigurationList = 575E7B78204D017B00C80D64 /* Build configuration list for PBXProject "gui" */;
			compatibilityVersion = "Xcode 8.0";
			developmentRegion = en;
			hasScannedForEncodings = 0;
			knownRegions = (
				en,
			);
			mainGroup = 575E7B74204D017B00C80D64;
			productRefGroup = 575E7B7E204D017B00C80D64 /* Products */;
			projectDirPath = "";
			projectRoot = "";
			targets = (
				575E7B7C204D017B00C80D64 /* gui */,
			);
		};
/* End PBXProject section */

/* Begin PBXSourcesBuildPhase section */
		575E7B79204D017B00C80D64 /* Sources */ = {
			isa = PBXSourcesBuildPhase;
			buildActionMask = 2147483647;
			files = (
				57BB16D02250319100094859 /* gui_control_progress.c in Sources */,
				575E7BD4204D018E00C80D64 /* gui_aviewer.c in Sources */,
				573DDF5B20E32A84008CD64B /* gui_widget_valueviewer.c in Sources */,
				575E7C06204D018E00C80D64 /* gui_control.c in Sources */,
				57319AE021B35EDF00DDB8C5 /* gui_anim_mgr.c in Sources */,
				579F9A972234B00500BF3880 /* gui_grdn_entinfo.c in Sources */,
				575E7BDA204D018E00C80D64 /* gui_activity.c in Sources */,
				57BB16BD2250319100094859 /* gui_control_rgba.c in Sources */,
				575E7BD6204D018E00C80D64 /* gui_settings.c in Sources */,
				575E7C02204D018E00C80D64 /* gui_modal.c in Sources */,
				575E7BDE204D018E00C80D64 /* gui_comp_rline.c in Sources */,
				575E7C04204D018E00C80D64 /* gui_component.c in Sources */,
				57BB16D22250319100094859 /* gui_control_textfield.c in Sources */,
				57BB16C02250319100094859 /* gui_control_colorpicker.c in Sources */,
				575E7BE4204D018E00C80D64 /* gui_menu.c in Sources */,
				575E7BD8204D018E00C80D64 /* g_widget_settings.c in Sources */,
				5708A9FF208FF2AD00A9E776 /* gui_vblit_stepseq.c in Sources */,
				57BB16CE2250319100094859 /* gui_control_dropdown.c in Sources */,
				575E7BE1204D018E00C80D64 /* gui_menu_item.c in Sources */,
				57BB16D52250319100094859 /* gui_control_vseq.c in Sources */,
				57BB16D42250319100094859 /* gui_control_seq.c in Sources */,
				57BB16C62250319100094859 /* gui_control_slider.c in Sources */,
				57D1E5542257C0AC008C0D4B /* gui_interaction.c in Sources */,
				575E7BCF204D018E00C80D64 /* gui_anim.c in Sources */,
				57F8E2A82128F691005614E7 /* gui.c in Sources */,
				575E7C03204D018E00C80D64 /* gui_panel.c in Sources */,
				575E7BDB204D018E00C80D64 /* gui_tooltip.c in Sources */,
				579F9BD1223750F300BF3880 /* gui_log.c in Sources */,
				57BB16CC2250319100094859 /* gui_icon.c in Sources */,
				575E7C09204D018E00C80D64 /* g_gui.c in Sources */,
				57BB16C42250319100094859 /* gui_control_label.c in Sources */,
				57BB16D72250319100094859 /* gui_control_checkbox.c in Sources */,
				57334D5D2249337B00DF59F2 /* g_debug_visualizer.c in Sources */,
				575E7BFE204D018E00C80D64 /* g_widget_clock.c in Sources */,
				57BB16CB2250319100094859 /* r_control_onscreenbutton.c in Sources */,
				575E7BE3204D018E00C80D64 /* gui_menu_radial.c in Sources */,
				575E7C07204D018E00C80D64 /* gui_notifications.c in Sources */,
				575E7BD1204D018E00C80D64 /* gui_widget.c in Sources */,
				57334D5922492DCB00DF59F2 /* g_debug_stresstest.c in Sources */,
				575E7BD5204D018E00C80D64 /* g_widget_console.c in Sources */,
				57234460223308A100EC1DBC /* gui_draggable.c in Sources */,
				57BB16C92250319100094859 /* gui_button.c in Sources */,
				577A0CF72245A2490064CAA2 /* gui_notification.c in Sources */,
				575E7C0C204D018E00C80D64 /* g_debug_joystick.c in Sources */,
			);
			runOnlyForDeploymentPostprocessing = 0;
		};
/* End PBXSourcesBuildPhase section */

/* Begin XCBuildConfiguration section */
		575E7B7F204D017B00C80D64 /* Debug */ = {
			isa = XCBuildConfiguration;
			buildSettings = {
				ALWAYS_SEARCH_USER_PATHS = NO;
				CLANG_ANALYZER_NONNULL = YES;
				CLANG_ANALYZER_NUMBER_OBJECT_CONVERSION = YES_AGGRESSIVE;
				CLANG_CXX_LANGUAGE_STANDARD = "gnu++14";
				CLANG_CXX_LIBRARY = "libc++";
				CLANG_ENABLE_MODULES = YES;
				CLANG_ENABLE_OBJC_ARC = YES;
				CLANG_WARN_BLOCK_CAPTURE_AUTORELEASING = YES;
				CLANG_WARN_BOOL_CONVERSION = YES;
				CLANG_WARN_COMMA = YES;
				CLANG_WARN_CONSTANT_CONVERSION = YES;
				CLANG_WARN_DEPRECATED_OBJC_IMPLEMENTATIONS = YES;
				CLANG_WARN_DIRECT_OBJC_ISA_USAGE = YES_ERROR;
				CLANG_WARN_DOCUMENTATION_COMMENTS = YES;
				CLANG_WARN_EMPTY_BODY = YES;
				CLANG_WARN_ENUM_CONVERSION = YES;
				CLANG_WARN_INFINITE_RECURSION = YES;
				CLANG_WARN_INT_CONVERSION = YES;
				CLANG_WARN_NON_LITERAL_NULL_CONVERSION = YES;
				CLANG_WARN_OBJC_IMPLICIT_RETAIN_SELF = YES;
				CLANG_WARN_OBJC_LITERAL_CONVERSION = YES;
				CLANG_WARN_OBJC_ROOT_CLASS = YES_ERROR;
				CLANG_WARN_RANGE_LOOP_ANALYSIS = YES;
				CLANG_WARN_STRICT_PROTOTYPES = YES;
				CLANG_WARN_SUSPICIOUS_MOVE = YES;
				CLANG_WARN_UNGUARDED_AVAILABILITY = YES_AGGRESSIVE;
				CLANG_WARN_UNREACHABLE_CODE = YES;
				CLANG_WARN__DUPLICATE_METHOD_MATCH = YES;
				CODE_SIGN_IDENTITY = "Mac Developer";
				COPY_PHASE_STRIP = NO;
				DEBUG_INFORMATION_FORMAT = dwarf;
				ENABLE_STRICT_OBJC_MSGSEND = YES;
				ENABLE_TESTABILITY = YES;
				GCC_C_LANGUAGE_STANDARD = gnu11;
				GCC_DYNAMIC_NO_PIC = NO;
				GCC_NO_COMMON_BLOCKS = YES;
				GCC_OPTIMIZATION_LEVEL = 0;
				GCC_PREPROCESSOR_DEFINITIONS = (
					"DEBUG=1",
					"$(inherited)",
				);
				GCC_WARN_64_TO_32_BIT_CONVERSION = YES;
				GCC_WARN_ABOUT_RETURN_TYPE = YES_ERROR;
				GCC_WARN_UNDECLARED_SELECTOR = YES;
				GCC_WARN_UNINITIALIZED_AUTOS = YES_AGGRESSIVE;
				GCC_WARN_UNUSED_FUNCTION = YES;
				GCC_WARN_UNUSED_VARIABLE = YES;
				MACOSX_DEPLOYMENT_TARGET = 10.13;
				MTL_ENABLE_DEBUG_INFO = YES;
				ONLY_ACTIVE_ARCH = YES;
				SDKROOT = macosx;
			};
			name = Debug;
		};
		575E7B80204D017B00C80D64 /* Release */ = {
			isa = XCBuildConfiguration;
			buildSettings = {
				ALWAYS_SEARCH_USER_PATHS = NO;
				CLANG_ANALYZER_NONNULL = YES;
				CLANG_ANALYZER_NUMBER_OBJECT_CONVERSION = YES_AGGRESSIVE;
				CLANG_CXX_LANGUAGE_STANDARD = "gnu++14";
				CLANG_CXX_LIBRARY = "libc++";
				CLANG_ENABLE_MODULES = YES;
				CLANG_ENABLE_OBJC_ARC = YES;
				CLANG_WARN_BLOCK_CAPTURE_AUTORELEASING = YES;
				CLANG_WARN_BOOL_CONVERSION = YES;
				CLANG_WARN_COMMA = YES;
				CLANG_WARN_CONSTANT_CONVERSION = YES;
				CLANG_WARN_DEPRECATED_OBJC_IMPLEMENTATIONS = YES;
				CLANG_WARN_DIRECT_OBJC_ISA_USAGE = YES_ERROR;
				CLANG_WARN_DOCUMENTATION_COMMENTS = YES;
				CLANG_WARN_EMPTY_BODY = YES;
				CLANG_WARN_ENUM_CONVERSION = YES;
				CLANG_WARN_INFINITE_RECURSION = YES;
				CLANG_WARN_INT_CONVERSION = YES;
				CLANG_WARN_NON_LITERAL_NULL_CONVERSION = YES;
				CLANG_WARN_OBJC_IMPLICIT_RETAIN_SELF = YES;
				CLANG_WARN_OBJC_LITERAL_CONVERSION = YES;
				CLANG_WARN_OBJC_ROOT_CLASS = YES_ERROR;
				CLANG_WARN_RANGE_LOOP_ANALYSIS = YES;
				CLANG_WARN_STRICT_PROTOTYPES = YES;
				CLANG_WARN_SUSPICIOUS_MOVE = YES;
				CLANG_WARN_UNGUARDED_AVAILABILITY = YES_AGGRESSIVE;
				CLANG_WARN_UNREACHABLE_CODE = YES;
				CLANG_WARN__DUPLICATE_METHOD_MATCH = YES;
				CODE_SIGN_IDENTITY = "Mac Developer";
				COPY_PHASE_STRIP = NO;
				DEBUG_INFORMATION_FORMAT = "dwarf-with-dsym";
				ENABLE_NS_ASSERTIONS = NO;
				ENABLE_STRICT_OBJC_MSGSEND = YES;
				GCC_C_LANGUAGE_STANDARD = gnu11;
				GCC_NO_COMMON_BLOCKS = YES;
				GCC_WARN_64_TO_32_BIT_CONVERSION = YES;
				GCC_WARN_ABOUT_RETURN_TYPE = YES_ERROR;
				GCC_WARN_UNDECLARED_SELECTOR = YES;
				GCC_WARN_UNINITIALIZED_AUTOS = YES_AGGRESSIVE;
				GCC_WARN_UNUSED_FUNCTION = YES;
				GCC_WARN_UNUSED_VARIABLE = YES;
				MACOSX_DEPLOYMENT_TARGET = 10.13;
				MTL_ENABLE_DEBUG_INFO = NO;
				SDKROOT = macosx;
			};
			name = Release;
		};
		575E7B82204D017B00C80D64 /* Debug */ = {
			isa = XCBuildConfiguration;
			buildSettings = {
				CODE_SIGN_STYLE = Automatic;
				DEVELOPMENT_TEAM = W7MSG2FEA9;
				EXECUTABLE_PREFIX = lib;
				HEADER_SEARCH_PATHS = (
					"${r4_root}/libs",
					"${r4_root}/contrib",
					"${r4_root}/contrib/include",
					"$(r4_root)/contrib/deps",
				);
				PRODUCT_NAME = "$(TARGET_NAME)";
				r4_root = "${HOME}/art/r4";
			};
			name = Debug;
		};
		575E7B83204D017B00C80D64 /* Release */ = {
			isa = XCBuildConfiguration;
			buildSettings = {
				CODE_SIGN_STYLE = Automatic;
				DEVELOPMENT_TEAM = W7MSG2FEA9;
				EXECUTABLE_PREFIX = lib;
				HEADER_SEARCH_PATHS = (
					"${r4_root}/libs",
					"${r4_root}/contrib",
					"${r4_root}/contrib/include",
					"$(r4_root)/contrib/deps",
				);
				PRODUCT_NAME = "$(TARGET_NAME)";
				r4_root = "${HOME}/art/r4";
			};
			name = Release;
		};
/* End XCBuildConfiguration section */

/* Begin XCConfigurationList section */
		575E7B78204D017B00C80D64 /* Build configuration list for PBXProject "gui" */ = {
			isa = XCConfigurationList;
			buildConfigurations = (
				575E7B7F204D017B00C80D64 /* Debug */,
				575E7B80204D017B00C80D64 /* Release */,
			);
			defaultConfigurationIsVisible = 0;
			defaultConfigurationName = Release;
		};
		575E7B81204D017B00C80D64 /* Build configuration list for PBXNativeTarget "gui" */ = {
			isa = XCConfigurationList;
			buildConfigurations = (
				575E7B82204D017B00C80D64 /* Debug */,
				575E7B83204D017B00C80D64 /* Release */,
			);
			defaultConfigurationIsVisible = 0;
			defaultConfigurationName = Release;
		};
/* End XCConfigurationList section */
	};
	rootObject = 575E7B75204D017B00C80D64 /* Project object */;
}
